{
  "requires": true,
  "lockfileVersion": 1,
  "dependencies": {
    "react-virtualized-auto-sizer": {
      "version": "1.0.15",
      "resolved": "https://registry.npmjs.org/react-virtualized-auto-sizer/-/react-virtualized-auto-sizer-1.0.15.tgz",
      "integrity": "sha512-01yhkssgHShMiu5W8k+86kgl8lutpl+Uef9KP4wrozXnzZjxWIgj+cH8Qi064oQpKD8myn/JNMzp4tcZNQ3Avg=="
    }
  }
}
